PODS:
  - Ads-CN (4.4.0.7):
    - Ads-CN/BUAdSDK (= 4.4.0.7)
  - Ads-CN/BUAdSDK (4.4.0.7):
    - Ads-CN/BUFoundation
    - Ads-CN/Domestic
  - Ads-CN/BUFoundation (4.4.0.7):
    - BURelyFoundation (= 0.0.1.47)
  - Ads-CN/Domestic (4.4.0.7):
    - Ads-CN/BUFoundation
  - BaiduMobAdSDK (4.861)
  - BURelyFoundation (0.0.1.47):
    - BURelyFoundation/HM (= 0.0.1.47)
    - BURelyFoundation/NETWork (= 0.0.1.47)
  - BURelyFoundation/HM (0.0.1.47)
  - BURelyFoundation/NETWork (0.0.1.47)
  - Flutter (1.0.0)
  - GDTMobSDK (4.13.65):
    - GDTMobSDK/GDTMobSDK (= 4.13.65)
  - GDTMobSDK/GDTMobSDK (4.13.65)
  - KSAdSDK (3.3.24)
  - MintegralAdSDK (7.1.4.0):
    - MintegralAdSDK/BannerAd (= 7.1.4.0)
    - MintegralAdSDK/BidBannerAd (= 7.1.4.0)
    - MintegralAdSDK/BidInterstitialVideoAd (= 7.1.4.0)
    - MintegralAdSDK/BidNativeAd (= 7.1.4.0)
    - MintegralAdSDK/BidNewInterstitialAd (= 7.1.4.0)
    - MintegralAdSDK/BidRewardVideoAd (= 7.1.4.0)
    - MintegralAdSDK/InterstitialVideoAd (= 7.1.4.0)
    - MintegralAdSDK/NativeAd (= 7.1.4.0)
    - MintegralAdSDK/NewInterstitialAd (= 7.1.4.0)
    - MintegralAdSDK/RewardVideoAd (= 7.1.4.0)
  - MintegralAdSDK/BannerAd (7.1.4.0):
    - MintegralAdSDK/NativeAd
  - MintegralAdSDK/BidBannerAd (7.1.4.0):
    - MintegralAdSDK/BannerAd
    - MintegralAdSDK/BidNativeAd
  - MintegralAdSDK/BidInterstitialVideoAd (7.1.4.0):
    - MintegralAdSDK/BidNativeAd
    - MintegralAdSDK/InterstitialVideoAd
  - MintegralAdSDK/BidNativeAd (7.1.4.0):
    - MintegralAdSDK/NativeAd
  - MintegralAdSDK/BidNewInterstitialAd (7.1.4.0):
    - MintegralAdSDK/BidNativeAd
    - MintegralAdSDK/NewInterstitialAd
  - MintegralAdSDK/BidRewardVideoAd (7.1.4.0):
    - MintegralAdSDK/BidNativeAd
    - MintegralAdSDK/RewardVideoAd
  - MintegralAdSDK/InterstitialAd (7.1.4.0):
    - MintegralAdSDK/NativeAd
  - MintegralAdSDK/InterstitialVideoAd (7.1.4.0):
    - MintegralAdSDK/NativeAd
  - MintegralAdSDK/NativeAd (7.1.4.0)
  - MintegralAdSDK/NativeAdvancedAd (7.1.4.0):
    - MintegralAdSDK/NativeAd
  - MintegralAdSDK/NewInterstitialAd (7.1.4.0):
    - MintegralAdSDK/InterstitialVideoAd
    - MintegralAdSDK/NativeAd
  - MintegralAdSDK/RewardVideoAd (7.1.4.0):
    - MintegralAdSDK/NativeAd
  - MintegralAdSDK/SplashAd (7.1.4.0):
    - MintegralAdSDK/NativeAd
  - SigmobAd-iOS (3.4.3):
    - SigmobAd-iOS/WindSDK (= 3.4.3)
  - SigmobAd-iOS/WindSDK (3.4.3)
  - ZJSDK (2.4.0.7):
    - ZJSDK/ZJSDKModuleBD (= 2.4.0.7)
    - ZJSDK/ZJSDKModuleCSJ (= 2.4.0.7)
    - ZJSDK/ZJSDKModuleDSP (= 2.4.0.7)
    - ZJSDK/ZJSDKModuleGDT (= 2.4.0.7)
    - ZJSDK/ZJSDKModuleKS (= 2.4.0.7)
    - ZJSDK/ZJSDKModuleMTG (= 2.4.0.7)
    - ZJSDK/ZJSDKModuleSIG (= 2.4.0.7)
  - ZJSDK/ZJAdSDK (2.4.0.7)
  - ZJSDK/ZJSDKModuleBD (2.4.0.7):
    - BaiduMobAdSDK
    - ZJSDK/ZJAdSDK
  - ZJSDK/ZJSDKModuleCSJ (2.4.0.7):
    - Ads-CN (~> 4.0)
    - ZJSDK/ZJAdSDK
  - ZJSDK/ZJSDKModuleDSP (2.4.0.7):
    - ZJSDK/ZJAdSDK
  - ZJSDK/ZJSDKModuleGDT (2.4.0.7):
    - GDTMobSDK (~> 4.13)
    - ZJSDK/ZJAdSDK
  - ZJSDK/ZJSDKModuleKS (2.4.0.7):
    - KSAdSDK (~> 3.3)
    - ZJSDK/ZJAdSDK
  - ZJSDK/ZJSDKModuleMTG (2.4.0.7):
    - MintegralAdSDK (~> 7.0)
    - MintegralAdSDK/BannerAd
    - MintegralAdSDK/InterstitialAd
    - MintegralAdSDK/NativeAdvancedAd
    - MintegralAdSDK/RewardVideoAd
    - MintegralAdSDK/SplashAd
    - ZJSDK/ZJAdSDK
  - ZJSDK/ZJSDKModuleSIG (2.4.0.7):
    - SigmobAd-iOS (~> 3.4.3)
    - ZJSDK/ZJAdSDK
  - zjsdk_flutter (0.0.1):
    - Flutter
    - ZJSDK

DEPENDENCIES:
  - Flutter (from `Flutter`)
  - zjsdk_flutter (from `.symlinks/plugins/zjsdk_flutter/ios`)

SPEC REPOS:
  trunk:
    - Ads-CN
    - BaiduMobAdSDK
    - BURelyFoundation
    - GDTMobSDK
    - KSAdSDK
    - MintegralAdSDK
    - SigmobAd-iOS
    - ZJSDK

EXTERNAL SOURCES:
  Flutter:
    :path: Flutter
  zjsdk_flutter:
    :path: ".symlinks/plugins/zjsdk_flutter/ios"

SPEC CHECKSUMS:
  Ads-CN: 94ade9100fe370f96a1c2e878c3ff03f823053e4
  BaiduMobAdSDK: 23e9ca38da6685dd35bb1a32540ff20353ec2361
  BURelyFoundation: 5e7f811867d3ee91ed20e426c505e31c55674256
  Flutter: 434fef37c0980e73bb6479ef766c45957d4b510c
  GDTMobSDK: b9e79e44a8fd4b5d2fe7fede57877dcbc27f7a8e
  KSAdSDK: 9de009abf3b20da5dd487ded4181e2b8d364bb50
  MintegralAdSDK: fa2f9da8ba7e04fe4d79f5b62efe479b3130e962
  SigmobAd-iOS: ac93929587c58c3cf35f83a27ea8829fb7d1b555
  ZJSDK: cb98dd6ba5434ed9cf4c29bc56b85d617de50e75
  zjsdk_flutter: 33b13a80a5e1c5cc1ccb8470ac93918902d4f32d

PODFILE CHECKSUM: 8e679eca47255a8ca8067c4c67aab20e64cb974d

COCOAPODS: 1.11.3
